// !$*UTF8*$!
{
	archiveVersion = 1;
	classes = {
	};
	objectVersion = 50;
	objects = {

/* Begin PBXBuildFile section */
		847D6B9921E64075004A4F9E /* helpers.swift in Sources */ = {isa = PBXBuildFile; fileRef = 847D6B9821E64075004A4F9E /* helpers.swift */; };
		84FBC93C21E5399500DE193B /* AppDelegate.swift in Sources */ = {isa = PBXBuildFile; fileRef = 84FBC93B21E5399500DE193B /* AppDelegate.swift */; };
		84FBC93E21E5399500DE193B /* ViewController.swift in Sources */ = {isa = PBXBuildFile; fileRef = 84FBC93D21E5399500DE193B /* ViewController.swift */; };
		84FBC94121E5399500DE193B /* Main.storyboard in Resources */ = {isa = PBXBuildFile; fileRef = 84FBC93F21E5399500DE193B /* Main.storyboard */; };
		84FBC94321E5399500DE193B /* Assets.xcassets in Resources */ = {isa = PBXBuildFile; fileRef = 84FBC94221E5399500DE193B /* Assets.xcassets */; };
		84FBC94621E5399500DE193B /* LaunchScreen.storyboard in Resources */ = {isa = PBXBuildFile; fileRef = 84FBC94421E5399500DE193B /* LaunchScreen.storyboard */; };
		84FBC95121E5399500DE193B /* _019_Yanet_Isabel_Hdez_Practica2Tests.swift in Sources */ = {isa = PBXBuildFile; fileRef = 84FBC95021E5399500DE193B /* _019_Yanet_Isabel_Hdez_Practica2Tests.swift */; };
		84FBC95C21E5399500DE193B /* _019_Yanet_Isabel_Hdez_Practica2UITests.swift in Sources */ = {isa = PBXBuildFile; fileRef = 84FBC95B21E5399500DE193B /* _019_Yanet_Isabel_Hdez_Practica2UITests.swift */; };
		84FBC96A21E551DF00DE193B /* DetalleContactoViewController.swift in Sources */ = {isa = PBXBuildFile; fileRef = 84FBC96921E551DF00DE193B /* DetalleContactoViewController.swift */; };
		84FBC96C21E555A800DE193B /* Persona.swift in Sources */ = {isa = PBXBuildFile; fileRef = 84FBC96B21E555A800DE193B /* Persona.swift */; };
/* End PBXBuildFile section */

/* Begin PBXContainerItemProxy section */
		84FBC94D21E5399500DE193B /* PBXContainerItemProxy */ = {
			isa = PBXContainerItemProxy;
			containerPortal = 84FBC93021E5399400DE193B /* Project object */;
			proxyType = 1;
			remoteGlobalIDString = 84FBC93721E5399500DE193B;
			remoteInfo = "2019 Yanet Isabel Hdez Practica2";
		};
		84FBC95821E5399500DE193B /* PBXContainerItemProxy */ = {
			isa = PBXContainerItemProxy;
			containerPortal = 84FBC93021E5399400DE193B /* Project object */;
			proxyType = 1;
			remoteGlobalIDString = 84FBC93721E5399500DE193B;
			remoteInfo = "2019 Yanet Isabel Hdez Practica2";
		};
/* End PBXContainerItemProxy section */

/* Begin PBXFileReference section */
		847D6B9821E64075004A4F9E /* helpers.swift */ = {isa = PBXFileReference; lastKnownFileType = sourcecode.swift; path = helpers.swift; sourceTree = "<group>"; };
		84FBC93821E5399500DE193B /* 2019 Yanet Isabel Hdez Practica2.app */ = {isa = PBXFileReference; explicitFileType = wrapper.application; includeInIndex = 0; path = "2019 Yanet Isabel Hdez Practica2.app"; sourceTree = BUILT_PRODUCTS_DIR; };
		84FBC93B21E5399500DE193B /* AppDelegate.swift */ = {isa = PBXFileReference; lastKnownFileType = sourcecode.swift; path = AppDelegate.swift; sourceTree = "<group>"; };
		84FBC93D21E5399500DE193B /* ViewController.swift */ = {isa = PBXFileReference; lastKnownFileType = sourcecode.swift; path = ViewController.swift; sourceTree = "<group>"; };
		84FBC94021E5399500DE193B /* Base */ = {isa = PBXFileReference; lastKnownFileType = file.storyboard; name = Base; path = Base.lproj/Main.storyboard; sourceTree = "<group>"; };
		84FBC94221E5399500DE193B /* Assets.xcassets */ = {isa = PBXFileReference; lastKnownFileType = folder.assetcatalog; path = Assets.xcassets; sourceTree = "<group>"; };
		84FBC94521E5399500DE193B /* Base */ = {isa = PBXFileReference; lastKnownFileType = file.storyboard; name = Base; path = Base.lproj/LaunchScreen.storyboard; sourceTree = "<group>"; };
		84FBC94721E5399500DE193B /* Info.plist */ = {isa = PBXFileReference; lastKnownFileType = text.plist.xml; path = Info.plist; sourceTree = "<group>"; };
		84FBC94C21E5399500DE193B /* 2019 Yanet Isabel Hdez Practica2Tests.xctest */ = {isa = PBXFileReference; explicitFileType = wrapper.cfbundle; includeInIndex = 0; path = "2019 Yanet Isabel Hdez Practica2Tests.xctest"; sourceTree = BUILT_PRODUCTS_DIR; };
		84FBC95021E5399500DE193B /* _019_Yanet_Isabel_Hdez_Practica2Tests.swift */ = {isa = PBXFileReference; lastKnownFileType = sourcecode.swift; path = _019_Yanet_Isabel_Hdez_Practica2Tests.swift; sourceTree = "<group>"; };
		84FBC95221E5399500DE193B /* Info.plist */ = {isa = PBXFileReference; lastKnownFileType = text.plist.xml; path = Info.plist; sourceTree = "<group>"; };
		84FBC95721E5399500DE193B /* 2019 Yanet Isabel Hdez Practica2UITests.xctest */ = {isa = PBXFileReference; explicitFileType = wrapper.cfbundle; includeInIndex = 0; path = "2019 Yanet Isabel Hdez Practica2UITests.xctest"; sourceTree = BUILT_PRODUCTS_DIR; };
		84FBC95B21E5399500DE193B /* _019_Yanet_Isabel_Hdez_Practica2UITests.swift */ = {isa = PBXFileReference; lastKnownFileType = sourcecode.swift; path = _019_Yanet_Isabel_Hdez_Practica2UITests.swift; sourceTree = "<group>"; };
		84FBC95D21E5399500DE193B /* Info.plist */ = {isa = PBXFileReference; lastKnownFileType = text.plist.xml; path = Info.plist; sourceTree = "<group>"; };
		84FBC96921E551DF00DE193B /* DetalleContactoViewController.swift */ = {isa = PBXFileReference; lastKnownFileType = sourcecode.swift; path = DetalleContactoViewController.swift; sourceTree = "<group>"; };
		84FBC96B21E555A800DE193B /* Persona.swift */ = {isa = PBXFileReference; lastKnownFileType = sourcecode.swift; path = Persona.swift; sourceTree = "<group>"; };
/* End PBXFileReference section */

/* Begin PBXFrameworksBuildPhase section */
		84FBC93521E5399500DE193B /* Frameworks */ = {
			isa = PBXFrameworksBuildPhase;
			buildActionMask = 2147483647;
			files = (
			);
			runOnlyForDeploymentPostprocessing = 0;
		};
		84FBC94921E5399500DE193B /* Frameworks */ = {
			isa = PBXFrameworksBuildPhase;
			buildActionMask = 2147483647;
			files = (
			);
			runOnlyForDeploymentPostprocessing = 0;
		};
		84FBC95421E5399500DE193B /* Frameworks */ = {
			isa = PBXFrameworksBuildPhase;
			buildActionMask = 2147483647;
			files = (
			);
			runOnlyForDeploymentPostprocessing = 0;
		};
/* End PBXFrameworksBuildPhase section */

/* Begin PBXGroup section */
		84FBC92F21E5399400DE193B = {
			isa = PBXGroup;
			children = (
				84FBC93A21E5399500DE193B /* 2019 Yanet Isabel Hdez Practica2 */,
				84FBC94F21E5399500DE193B /* 2019 Yanet Isabel Hdez Practica2Tests */,
				84FBC95A21E5399500DE193B /* 2019 Yanet Isabel Hdez Practica2UITests */,
				84FBC93921E5399500DE193B /* Products */,
			);
			sourceTree = "<group>";
		};
		84FBC93921E5399500DE193B /* Products */ = {
			isa = PBXGroup;
			children = (
				84FBC93821E5399500DE193B /* 2019 Yanet Isabel Hdez Practica2.app */,
				84FBC94C21E5399500DE193B /* 2019 Yanet Isabel Hdez Practica2Tests.xctest */,
				84FBC95721E5399500DE193B /* 2019 Yanet Isabel Hdez Practica2UITests.xctest */,
			);
			name = Products;
			sourceTree = "<group>";
		};
		84FBC93A21E5399500DE193B /* 2019 Yanet Isabel Hdez Practica2 */ = {
			isa = PBXGroup;
			children = (
				84FBC93B21E5399500DE193B /* AppDelegate.swift */,
				84FBC93D21E5399500DE193B /* ViewController.swift */,
				84FBC93F21E5399500DE193B /* Main.storyboard */,
				84FBC96921E551DF00DE193B /* DetalleContactoViewController.swift */,
				84FBC94221E5399500DE193B /* Assets.xcassets */,
				84FBC94421E5399500DE193B /* LaunchScreen.storyboard */,
				84FBC94721E5399500DE193B /* Info.plist */,
				84FBC96B21E555A800DE193B /* Persona.swift */,
				847D6B9821E64075004A4F9E /* helpers.swift */,
			);
			path = "2019 Yanet Isabel Hdez Practica2";
			sourceTree = "<group>";
		};
		84FBC94F21E5399500DE193B /* 2019 Yanet Isabel Hdez Practica2Tests */ = {
			isa = PBXGroup;
			children = (
				84FBC95021E5399500DE193B /* _019_Yanet_Isabel_Hdez_Practica2Tests.swift */,
				84FBC95221E5399500DE193B /* Info.plist */,
			);
			path = "2019 Yanet Isabel Hdez Practica2Tests";
			sourceTree = "<group>";
		};
		84FBC95A21E5399500DE193B /* 2019 Yanet Isabel Hdez Practica2UITests */ = {
			isa = PBXGroup;
			children = (
				84FBC95B21E5399500DE193B /* _019_Yanet_Isabel_Hdez_Practica2UITests.swift */,
				84FBC95D21E5399500DE193B /* Info.plist */,
			);
			path = "2019 Yanet Isabel Hdez Practica2UITests";
			sourceTree = "<group>";
		};
/* End PBXGroup section */

/* Begin PBXNativeTarget section */
		84FBC93721E5399500DE193B /* 2019 Yanet Isabel Hdez Practica2 */ = {
			isa = PBXNativeTarget;
			buildConfigurationList = 84FBC96021E5399500DE193B /* Build configuration list for PBXNativeTarget "2019 Yanet Isabel Hdez Practica2" */;
			buildPhases = (
				84FBC93421E5399500DE193B /* Sources */,
				84FBC93521E5399500DE193B /* Frameworks */,
				84FBC93621E5399500DE193B /* Resources */,
			);
			buildRules = (
			);
			dependencies = (
			);
			name = "2019 Yanet Isabel Hdez Practica2";
			productName = "2019 Yanet Isabel Hdez Practica2";
			productReference = 84FBC93821E5399500DE193B /* 2019 Yanet Isabel Hdez Practica2.app */;
			productType = "com.apple.product-type.application";
		};
		84FBC94B21E5399500DE193B /* 2019 Yanet Isabel Hdez Practica2Tests */ = {
			isa = PBXNativeTarget;
			buildConfigurationList = 84FBC96321E5399500DE193B /* Build configuration list for PBXNativeTarget "2019 Yanet Isabel Hdez Practica2Tests" */;
			buildPhases = (
				84FBC94821E5399500DE193B /* Sources */,
				84FBC94921E5399500DE193B /* Frameworks */,
				84FBC94A21E5399500DE193B /* Resources */,
			);
			buildRules = (
			);
			dependencies = (
				84FBC94E21E5399500DE193B /* PBXTargetDependency */,
			);
			name = "2019 Yanet Isabel Hdez Practica2Tests";
			productName = "2019 Yanet Isabel Hdez Practica2Tests";
			productReference = 84FBC94C21E5399500DE193B /* 2019 Yanet Isabel Hdez Practica2Tests.xctest */;
			productType = "com.apple.product-type.bundle.unit-test";
		};
		84FBC95621E5399500DE193B /* 2019 Yanet Isabel Hdez Practica2UITests */ = {
			isa = PBXNativeTarget;
			buildConfigurationList = 84FBC96621E5399500DE193B /* Build configuration list for PBXNativeTarget "2019 Yanet Isabel Hdez Practica2UITests" */;
			buildPhases = (
				84FBC95321E5399500DE193B /* Sources */,
				84FBC95421E5399500DE193B /* Frameworks */,
				84FBC95521E5399500DE193B /* Resources */,
			);
			buildRules = (
			);
			dependencies = (
				84FBC95921E5399500DE193B /* PBXTargetDependency */,
			);
			name = "2019 Yanet Isabel Hdez Practica2UITests";
			productName = "2019 Yanet Isabel Hdez Practica2UITests";
			productReference = 84FBC95721E5399500DE193B /* 2019 Yanet Isabel Hdez Practica2UITests.xctest */;
			productType = "com.apple.product-type.bundle.ui-testing";
		};
/* End PBXNativeTarget section */

/* Begin PBXProject section */
		84FBC93021E5399400DE193B /* Project object */ = {
			isa = PBXProject;
			attributes = {
				LastSwiftUpdateCheck = 1000;
				LastUpgradeCheck = 1000;
				ORGANIZATIONNAME = usuario;
				TargetAttributes = {
					84FBC93721E5399500DE193B = {
						CreatedOnToolsVersion = 10.0;
					};
					84FBC94B21E5399500DE193B = {
						CreatedOnToolsVersion = 10.0;
						TestTargetID = 84FBC93721E5399500DE193B;
					};
					84FBC95621E5399500DE193B = {
						CreatedOnToolsVersion = 10.0;
						TestTargetID = 84FBC93721E5399500DE193B;
					};
				};
			};
			buildConfigurationList = 84FBC93321E5399400DE193B /* Build configuration list for PBXProject "2019 Yanet Isabel Hdez Practica2" */;
			compatibilityVersion = "Xcode 9.3";
			developmentRegion = en;
			hasScannedForEncodings = 0;
			knownRegions = (
				en,
				Base,
			);
			mainGroup = 84FBC92F21E5399400DE193B;
			productRefGroup = 84FBC93921E5399500DE193B /* Products */;
			projectDirPath = "";
			projectRoot = "";
			targets = (
				84FBC93721E5399500DE193B /* 2019 Yanet Isabel Hdez Practica2 */,
				84FBC94B21E5399500DE193B /* 2019 Yanet Isabel Hdez Practica2Tests */,
				84FBC95621E5399500DE193B /* 2019 Yanet Isabel Hdez Practica2UITests */,
			);
		};
/* End PBXProject section */

/* Begin PBXResourcesBuildPhase section */
		84FBC93621E5399500DE193B /* Resources */ = {
			isa = PBXResourcesBuildPhase;
			buildActionMask = 2147483647;
			files = (
				84FBC94621E5399500DE193B /* LaunchScreen.storyboard in Resources */,
				84FBC94321E5399500DE193B /* Assets.xcassets in Resources */,
				84FBC94121E5399500DE193B /* Main.storyboard in Resources */,
			);
			runOnlyForDeploymentPostprocessing = 0;
		};
		84FBC94A21E5399500DE193B /* Resources */ = {
			isa = PBXResourcesBuildPhase;
			buildActionMask = 2147483647;
			files = (
			);
			runOnlyForDeploymentPostprocessing = 0;
		};
		84FBC95521E5399500DE193B /* Resources */ = {
			isa = PBXResourcesBuildPhase;
			buildActionMask = 2147483647;
			files = (
			);
			runOnlyForDeploymentPostprocessing = 0;
		};
/* End PBXResourcesBuildPhase section */

/* Begin PBXSourcesBuildPhase section */
		84FBC93421E5399500DE193B /* Sources */ = {
			isa = PBXSourcesBuildPhase;
			buildActionMask = 2147483647;
			files = (
				84FBC96C21E555A800DE193B /* Persona.swift in Sources */,
				84FBC93E21E5399500DE193B /* ViewController.swift in Sources */,
				84FBC93C21E5399500DE193B /* AppDelegate.swift in Sources */,
				84FBC96A21E551DF00DE193B /* DetalleContactoViewController.swift in Sources */,
				847D6B9921E64075004A4F9E /* helpers.swift in Sources */,
			);
			runOnlyForDeploymentPostprocessing = 0;
		};
		84FBC94821E5399500DE193B /* Sources */ = {
			isa = PBXSourcesBuildPhase;
			buildActionMask = 2147483647;
			files = (
				84FBC95121E5399500DE193B /* _019_Yanet_Isabel_Hdez_Practica2Tests.swift in Sources */,
			);
			runOnlyForDeploymentPostprocessing = 0;
		};
		84FBC95321E5399500DE193B /* Sources */ = {
			isa = PBXSourcesBuildPhase;
			buildActionMask = 2147483647;
			files = (
				84FBC95C21E5399500DE193B /* _019_Yanet_Isabel_Hdez_Practica2UITests.swift in Sources */,
			);
			runOnlyForDeploymentPostprocessing = 0;
		};
/* End PBXSourcesBuildPhase section */

/* Begin PBXTargetDependency section */
		84FBC94E21E5399500DE193B /* PBXTargetDependency */ = {
			isa = PBXTargetDependency;
			target = 84FBC93721E5399500DE193B /* 2019 Yanet Isabel Hdez Practica2 */;
			targetProxy = 84FBC94D21E5399500DE193B /* PBXContainerItemProxy */;
		};
		84FBC95921E5399500DE193B /* PBXTargetDependency */ = {
			isa = PBXTargetDependency;
			target = 84FBC93721E5399500DE193B /* 2019 Yanet Isabel Hdez Practica2 */;
			targetProxy = 84FBC95821E5399500DE193B /* PBXContainerItemProxy */;
		};
/* End PBXTargetDependency section */

/* Begin PBXVariantGroup section */
		84FBC93F21E5399500DE193B /* Main.storyboard */ = {
			isa = PBXVariantGroup;
			children = (
				84FBC94021E5399500DE193B /* Base */,
			);
			name = Main.storyboard;
			sourceTree = "<group>";
		};
		84FBC94421E5399500DE193B /* LaunchScreen.storyboard */ = {
			isa = PBXVariantGroup;
			children = (
				84FBC94521E5399500DE193B /* Base */,
			);
			name = LaunchScreen.storyboard;
			sourceTree = "<group>";
		};
/* End PBXVariantGroup section */

/* Begin XCBuildConfiguration section */
		84FBC95E21E5399500DE193B /* Debug */ = {
			isa = XCBuildConfiguration;
			buildSettings = {
				ALWAYS_SEARCH_USER_PATHS = NO;
				CLANG_ANALYZER_NONNULL = YES;
				CLANG_ANALYZER_NUMBER_OBJECT_CONVERSION = YES_AGGRESSIVE;
				CLANG_CXX_LANGUAGE_STANDARD = "gnu++14";
				CLANG_CXX_LIBRARY = "libc++";
				CLANG_ENABLE_MODULES = YES;
				CLANG_ENABLE_OBJC_ARC = YES;
				CLANG_ENABLE_OBJC_WEAK = YES;
				CLANG_WARN_BLOCK_CAPTURE_AUTORELEASING = YES;
				CLANG_WARN_BOOL_CONVERSION = YES;
				CLANG_WARN_COMMA = YES;
				CLANG_WARN_CONSTANT_CONVERSION = YES;
				CLANG_WARN_DEPRECATED_OBJC_IMPLEMENTATIONS = YES;
				CLANG_WARN_DIRECT_OBJC_ISA_USAGE = YES_ERROR;
				CLANG_WARN_DOCUMENTATION_COMMENTS = YES;
				CLANG_WARN_EMPTY_BODY = YES;
				CLANG_WARN_ENUM_CONVERSION = YES;
				CLANG_WARN_INFINITE_RECURSION = YES;
				CLANG_WARN_INT_CONVERSION = YES;
				CLANG_WARN_NON_LITERAL_NULL_CONVERSION = YES;
				CLANG_WARN_OBJC_IMPLICIT_RETAIN_SELF = YES;
				CLANG_WARN_OBJC_LITERAL_CONVERSION = YES;
				CLANG_WARN_OBJC_ROOT_CLASS = YES_ERROR;
				CLANG_WARN_RANGE_LOOP_ANALYSIS = YES;
				CLANG_WARN_STRICT_PROTOTYPES = YES;
				CLANG_WARN_SUSPICIOUS_MOVE = YES;
				CLANG_WARN_UNGUARDED_AVAILABILITY = YES_AGGRESSIVE;
				CLANG_WARN_UNREACHABLE_CODE = YES;
				CLANG_WARN__DUPLICATE_METHOD_MATCH = YES;
				CODE_SIGN_IDENTITY = "iPhone Developer";
				COPY_PHASE_STRIP = NO;
				DEBUG_INFORMATION_FORMAT = dwarf;
				ENABLE_STRICT_OBJC_MSGSEND = YES;
				ENABLE_TESTABILITY = YES;
				GCC_C_LANGUAGE_STANDARD = gnu11;
				GCC_DYNAMIC_NO_PIC = NO;
				GCC_NO_COMMON_BLOCKS = YES;
				GCC_OPTIMIZATION_LEVEL = 0;
				GCC_PREPROCESSOR_DEFINITIONS = (
					"DEBUG=1",
					"$(inherited)",
				);
				GCC_WARN_64_TO_32_BIT_CONVERSION = YES;
				GCC_WARN_ABOUT_RETURN_TYPE = YES_ERROR;
				GCC_WARN_UNDECLARED_SELECTOR = YES;
				GCC_WARN_UNINITIALIZED_AUTOS = YES_AGGRESSIVE;
				GCC_WARN_UNUSED_FUNCTION = YES;
				GCC_WARN_UNUSED_VARIABLE = YES;
				IPHONEOS_DEPLOYMENT_TARGET = 12.0;
				MTL_ENABLE_DEBUG_INFO = INCLUDE_SOURCE;
				MTL_FAST_MATH = YES;
				ONLY_ACTIVE_ARCH = YES;
				SDKROOT = iphoneos;
				SWIFT_ACTIVE_COMPILATION_CONDITIONS = DEBUG;
				SWIFT_OPTIMIZATION_LEVEL = "-Onone";
			};
			name = Debug;
		};
		84FBC95F21E5399500DE193B /* Release */ = {
			isa = XCBuildConfiguration;
			buildSettings = {
				ALWAYS_SEARCH_USER_PATHS = NO;
				CLANG_ANALYZER_NONNULL = YES;
				CLANG_ANALYZER_NUMBER_OBJECT_CONVERSION = YES_AGGRESSIVE;
				CLANG_CXX_LANGUAGE_STANDARD = "gnu++14";
				CLANG_CXX_LIBRARY = "libc++";
				CLANG_ENABLE_MODULES = YES;
				CLANG_ENABLE_OBJC_ARC = YES;
				CLANG_ENABLE_OBJC_WEAK = YES;
				CLANG_WARN_BLOCK_CAPTURE_AUTORELEASING = YES;
				CLANG_WARN_BOOL_CONVERSION = YES;
				CLANG_WARN_COMMA = YES;
				CLANG_WARN_CONSTANT_CONVERSION = YES;
				CLANG_WARN_DEPRECATED_OBJC_IMPLEMENTATIONS = YES;
				CLANG_WARN_DIRECT_OBJC_ISA_USAGE = YES_ERROR;
				CLANG_WARN_DOCUMENTATION_COMMENTS = YES;
				CLANG_WARN_EMPTY_BODY = YES;
				CLANG_WARN_ENUM_CONVERSION = YES;
				CLANG_WARN_INFINITE_RECURSION = YES;
				CLANG_WARN_INT_CONVERSION = YES;
				CLANG_WARN_NON_LITERAL_NULL_CONVERSION = YES;
				CLANG_WARN_OBJC_IMPLICIT_RETAIN_SELF = YES;
				CLANG_WARN_OBJC_LITERAL_CONVERSION = YES;
				CLANG_WARN_OBJC_ROOT_CLASS = YES_ERROR;
				CLANG_WARN_RANGE_LOOP_ANALYSIS = YES;
				CLANG_WARN_STRICT_PROTOTYPES = YES;
				CLANG_WARN_SUSPICIOUS_MOVE = YES;
				CLANG_WARN_UNGUARDED_AVAILABILITY = YES_AGGRESSIVE;
				CLANG_WARN_UNREACHABLE_CODE = YES;
				CLANG_WARN__DUPLICATE_METHOD_MATCH = YES;
				CODE_SIGN_IDENTITY = "iPhone Developer";
				COPY_PHASE_STRIP = NO;
				DEBUG_INFORMATION_FORMAT = "dwarf-with-dsym";
				ENABLE_NS_ASSERTIONS = NO;
				ENABLE_STRICT_OBJC_MSGSEND = YES;
				GCC_C_LANGUAGE_STANDARD = gnu11;
				GCC_NO_COMMON_BLOCKS = YES;
				GCC_WARN_64_TO_32_BIT_CONVERSION = YES;
				GCC_WARN_ABOUT_RETURN_TYPE = YES_ERROR;
				GCC_WARN_UNDECLARED_SELECTOR = YES;
				GCC_WARN_UNINITIALIZED_AUTOS = YES_AGGRESSIVE;
				GCC_WARN_UNUSED_FUNCTION = YES;
				GCC_WARN_UNUSED_VARIABLE = YES;
				IPHONEOS_DEPLOYMENT_TARGET = 12.0;
				MTL_ENABLE_DEBUG_INFO = NO;
				MTL_FAST_MATH = YES;
				SDKROOT = iphoneos;
				SWIFT_COMPILATION_MODE = wholemodule;
				SWIFT_OPTIMIZATION_LEVEL = "-O";
				VALIDATE_PRODUCT = YES;
			};
			name = Release;
		};
		84FBC96121E5399500DE193B /* Debug */ = {
			isa = XCBuildConfiguration;
			buildSettings = {
				ASSETCATALOG_COMPILER_APPICON_NAME = AppIcon;
				CODE_SIGN_STYLE = Automatic;
				INFOPLIST_FILE = "2019 Yanet Isabel Hdez Practica2/Info.plist";
				LD_RUNPATH_SEARCH_PATHS = (
					"$(inherited)",
					"@executable_path/Frameworks",
				);
				PRODUCT_BUNDLE_IDENTIFIER = "-234.-019-Yanet-Isabel-Hdez-Practica2";
				PRODUCT_NAME = "$(TARGET_NAME)";
				SWIFT_VERSION = 4.2;
				TARGETED_DEVICE_FAMILY = "1,2";
			};
			name = Debug;
		};
		84FBC96221E5399500DE193B /* Release */ = {
			isa = XCBuildConfiguration;
			buildSettings = {
				ASSETCATALOG_COMPILER_APPICON_NAME = AppIcon;
				CODE_SIGN_STYLE = Automatic;
				INFOPLIST_FILE = "2019 Yanet Isabel Hdez Practica2/Info.plist";
				LD_RUNPATH_SEARCH_PATHS = (
					"$(inherited)",
					"@executable_path/Frameworks",
				);
				PRODUCT_BUNDLE_IDENTIFIER = "-234.-019-Yanet-Isabel-Hdez-Practica2";
				PRODUCT_NAME = "$(TARGET_NAME)";
				SWIFT_VERSION = 4.2;
				TARGETED_DEVICE_FAMILY = "1,2";
			};
			name = Release;
		};
		84FBC96421E5399500DE193B /* Debug */ = {
			isa = XCBuildConfiguration;
			buildSettings = {
				ALWAYS_EMBED_SWIFT_STANDARD_LIBRARIES = YES;
				BUNDLE_LOADER = "$(TEST_HOST)";
				CODE_SIGN_STYLE = Automatic;
				INFOPLIST_FILE = "2019 Yanet Isabel Hdez Practica2Tests/Info.plist";
				LD_RUNPATH_SEARCH_PATHS = (
					"$(inherited)",
					"@executable_path/Frameworks",
					"@loader_path/Frameworks",
				);
				PRODUCT_BUNDLE_IDENTIFIER = "-234.-019-Yanet-Isabel-Hdez-Practica2Tests";
				PRODUCT_NAME = "$(TARGET_NAME)";
				SWIFT_VERSION = 4.2;
				TARGETED_DEVICE_FAMILY = "1,2";
				TEST_HOST = "$(BUILT_PRODUCTS_DIR)/2019 Yanet Isabel Hdez Practica2.app/2019 Yanet Isabel Hdez Practica2";
			};
			name = Debug;
		};
		84FBC96521E5399500DE193B /* Release */ = {
			isa = XCBuildConfiguration;
			buildSettings = {
				ALWAYS_EMBED_SWIFT_STANDARD_LIBRARIES = YES;
				BUNDLE_LOADER = "$(TEST_HOST)";
				CODE_SIGN_STYLE = Automatic;
				INFOPLIST_FILE = "2019 Yanet Isabel Hdez Practica2Tests/Info.plist";
				LD_RUNPATH_SEARCH_PATHS = (
					"$(inherited)",
					"@executable_path/Frameworks",
					"@loader_path/Frameworks",
				);
				PRODUCT_BUNDLE_IDENTIFIER = "-234.-019-Yanet-Isabel-Hdez-Practica2Tests";
				PRODUCT_NAME = "$(TARGET_NAME)";
				SWIFT_VERSION = 4.2;
				TARGETED_DEVICE_FAMILY = "1,2";
				TEST_HOST = "$(BUILT_PRODUCTS_DIR)/2019 Yanet Isabel Hdez Practica2.app/2019 Yanet Isabel Hdez Practica2";
			};
			name = Release;
		};
		84FBC96721E5399500DE193B /* Debug */ = {
			isa = XCBuildConfiguration;
			buildSettings = {
				ALWAYS_EMBED_SWIFT_STANDARD_LIBRARIES = YES;
				CODE_SIGN_STYLE = Automatic;
				INFOPLIST_FILE = "2019 Yanet Isabel Hdez Practica2UITests/Info.plist";
				LD_RUNPATH_SEARCH_PATHS = (
					"$(inherited)",
					"@executable_path/Frameworks",
					"@loader_path/Frameworks",
				);
				PRODUCT_BUNDLE_IDENTIFIER = "-234.-019-Yanet-Isabel-Hdez-Practica2UITests";
				PRODUCT_NAME = "$(TARGET_NAME)";
				SWIFT_VERSION = 4.2;
				TARGETED_DEVICE_FAMILY = "1,2";
				TEST_TARGET_NAME = "2019 Yanet Isabel Hdez Practica2";
			};
			name = Debug;
		};
		84FBC96821E5399500DE193B /* Release */ = {
			isa = XCBuildConfiguration;
			buildSettings = {
				ALWAYS_EMBED_SWIFT_STANDARD_LIBRARIES = YES;
				CODE_SIGN_STYLE = Automatic;
				INFOPLIST_FILE = "2019 Yanet Isabel Hdez Practica2UITests/Info.plist";
				LD_RUNPATH_SEARCH_PATHS = (
					"$(inherited)",
					"@executable_path/Frameworks",
					"@loader_path/Frameworks",
				);
				PRODUCT_BUNDLE_IDENTIFIER = "-234.-019-Yanet-Isabel-Hdez-Practica2UITests";
				PRODUCT_NAME = "$(TARGET_NAME)";
				SWIFT_VERSION = 4.2;
				TARGETED_DEVICE_FAMILY = "1,2";
				TEST_TARGET_NAME = "2019 Yanet Isabel Hdez Practica2";
			};
			name = Release;
		};
/* End XCBuildConfiguration section */

/* Begin XCConfigurationList section */
		84FBC93321E5399400DE193B /* Build configuration list for PBXProject "2019 Yanet Isabel Hdez Practica2" */ = {
			isa = XCConfigurationList;
			buildConfigurations = (
				84FBC95E21E5399500DE193B /* Debug */,
				84FBC95F21E5399500DE193B /* Release */,
			);
			defaultConfigurationIsVisible = 0;
			defaultConfigurationName = Release;
		};
		84FBC96021E5399500DE193B /* Build configuration list for PBXNativeTarget "2019 Yanet Isabel Hdez Practica2" */ = {
			isa = XCConfigurationList;
			buildConfigurations = (
				84FBC96121E5399500DE193B /* Debug */,
				84FBC96221E5399500DE193B /* Release */,
			);
			defaultConfigurationIsVisible = 0;
			defaultConfigurationName = Release;
		};
		84FBC96321E5399500DE193B /* Build configuration list for PBXNativeTarget "2019 Yanet Isabel Hdez Practica2Tests" */ = {
			isa = XCConfigurationList;
			buildConfigurations = (
				84FBC96421E5399500DE193B /* Debug */,
				84FBC96521E5399500DE193B /* Release */,
			);
			defaultConfigurationIsVisible = 0;
			defaultConfigurationName = Release;
		};
		84FBC96621E5399500DE193B /* Build configuration list for PBXNativeTarget "2019 Yanet Isabel Hdez Practica2UITests" */ = {
			isa = XCConfigurationList;
			buildConfigurations = (
				84FBC96721E5399500DE193B /* Debug */,
				84FBC96821E5399500DE193B /* Release */,
			);
			defaultConfigurationIsVisible = 0;
			defaultConfigurationName = Release;
		};
/* End XCConfigurationList section */
	};
	rootObject = 84FBC93021E5399400DE193B /* Project object */;
}
